{
  "originHash" : "471cec2121cc39342e1cc8b58228e4e8cdfcdbfcf3480d6065039fd676c427d5",
  "pins" : [
    {
      "identity" : "repairclub-ios-sdk",
      "kind" : "remoteSourceControl",
      "location" : "https://github.com/repairclub/repairclub-ios-sdk.git",
      "state" : {
        "revision" : "a70d7ee3b14f2da6f409a091b51b12972aea5199",
        "version" : "1.5.6"
      }
    },
    {
      "identity" : "swiftyjson",
      "kind" : "remoteSourceControl",
      "location" : "https://github.com/SwiftyJSON/SwiftyJSON.git",
      "state" : {
        "revision" : "af76cf3ef710b6ca5f8c05f3a31307d44a3c5828",
        "version" : "5.0.2"
      }
    }
  ],
  "version" : 3
}
