{
  "originHash" : "19ec490d19557fb11260b379fc8fd828ac5e06471368546b08d61882bcbb1263",
  "pins" : [
    {
      "identity" : "obdiqiossdk",
      "kind" : "remoteSourceControl",
      "location" : "https://github.com/CarDr-com/OBDIQIosSdk.git",
      "state" : {
        "revision" : "2d144e368ec6efac0c51b601e5da612020c70585",
        "version" : "2.0.5"
      }
    },
    {
      "identity" : "repairclub-ios-sdk",
      "kind" : "remoteSourceControl",
      "location" : "https://github.com/repairclub/repairclub-ios-sdk.git",
      "state" : {
        "revision" : "a5dea8a632cd5b9b74904cb0c5f90a254c9870fd",
        "version" : "1.6.0"
      }
    },
    {
      "identity" : "swiftyjson",
      "kind" : "remoteSourceControl",
      "location" : "https://github.com/SwiftyJSON/SwiftyJSON.git",
      "state" : {
        "revision" : "af76cf3ef710b6ca5f8c05f3a31307d44a3c5828",
        "version" : "5.0.2"
      }
    }
  ],
  "version" : 3
}
